
Microsoft Visual Studio Solution File, Format Version 12.00
# Visual Studio Version 16
VisualStudioVersion = 16.0.30907.101
MinimumVisualStudioVersion = 10.0.40219.1
Project("{FAE04EC0-301F-11D3-BF4B-00C04F79EFBC}") = "VeriDoc HR", "VeriDoc HR\VeriDoc HR.csproj", "{7F3D5F56-5A6F-4C48-8B17-AAF509472863}"
EndProject
Project("{FAE04EC0-301F-11D3-BF4B-00C04F79EFBC}") = "MyApp.db", "MyApp.db\MyApp.db.csproj", "{B07CF26A-4140-4735-951A-CD4D355BCDB7}"
EndProject
Project("{FAE04EC0-301F-11D3-BF4B-00C04F79EFBC}") = "MyApp.Entity", "MyApp.Entity\MyApp.Entity.csproj", "{E72C61D4-260F-4297-946A-CBF4346D6B06}"
EndProject
Global
	GlobalSection(SolutionConfigurationPlatforms) = preSolution
		Debug|Any CPU = Debug|Any CPU
		Release|Any CPU = Release|Any CPU
	EndGlobalSection
	GlobalSection(ProjectConfigurationPlatforms) = postSolution
		{7F3D5F56-5A6F-4C48-8B17-AAF509472863}.Debug|Any CPU.ActiveCfg = Debug|Any CPU
		{7F3D5F56-5A6F-4C48-8B17-AAF509472863}.Debug|Any CPU.Build.0 = Debug|Any CPU
		{7F3D5F56-5A6F-4C48-8B17-AAF509472863}.Release|Any CPU.ActiveCfg = Release|Any CPU
		{7F3D5F56-5A6F-4C48-8B17-AAF509472863}.Release|Any CPU.Build.0 = Release|Any CPU
		{B07CF26A-4140-4735-951A-CD4D355BCDB7}.Debug|Any CPU.ActiveCfg = Debug|Any CPU
		{B07CF26A-4140-4735-951A-CD4D355BCDB7}.Debug|Any CPU.Build.0 = Debug|Any CPU
		{B07CF26A-4140-4735-951A-CD4D355BCDB7}.Release|Any CPU.ActiveCfg = Release|Any CPU
		{B07CF26A-4140-4735-951A-CD4D355BCDB7}.Release|Any CPU.Build.0 = Release|Any CPU
		{E72C61D4-260F-4297-946A-CBF4346D6B06}.Debug|Any CPU.ActiveCfg = Debug|Any CPU
		{E72C61D4-260F-4297-946A-CBF4346D6B06}.Debug|Any CPU.Build.0 = Debug|Any CPU
		{E72C61D4-260F-4297-946A-CBF4346D6B06}.Release|Any CPU.ActiveCfg = Release|Any CPU
		{E72C61D4-260F-4297-946A-CBF4346D6B06}.Release|Any CPU.Build.0 = Release|Any CPU
	EndGlobalSection
	GlobalSection(SolutionProperties) = preSolution
		HideSolutionNode = FALSE
	EndGlobalSection
	GlobalSection(ExtensibilityGlobals) = postSolution
		SolutionGuid = {2FB60CB6-2549-434C-A5CB-E13CD68EAEF7}
	EndGlobalSection
EndGlobal
